# This file was autogenerated by Stack.
# You should not edit this file by hand.
# For more information, please see the documentation at:
#   https://docs.haskellstack.org/en/stable/lock_files

packages:
- completed:
    hackage: servant-auth-0.4.0.0@sha256:01d02dfb7df4747fc96442517146d7d4ab0e575e597a124e238e8763036ea4ff,2125
    pantry-tree:
      size: 332
      sha256: a7ec2c54fddfa417ee2467f1131b1d83ad43cc29ddfd4b98869fc924e4b5e980
  original:
    hackage: servant-auth-0.4.0.0@sha256:01d02dfb7df4747fc96442517146d7d4ab0e575e597a124e238e8763036ea4ff,2125
- completed:
    hackage: servant-auth-server-0.4.6.0@sha256:b411b44f4252e91e5da2455d71a7113c8b5b8ff2d943d19b2ddedcfcf0392351,5111
    pantry-tree:
      size: 1376
      sha256: 8cd29612112546a02085e2cb30dd5a72ea46ed81e644195c589d0b26652279cb
  original:
    hackage: servant-auth-server-0.4.6.0@sha256:b411b44f4252e91e5da2455d71a7113c8b5b8ff2d943d19b2ddedcfcf0392351,5111
- completed:
    hackage: servant-websockets-2.0.0@sha256:6e9e3600bced90fd52ed3d1bf632205cb21479075b20d6637153cc4567000234,2253
    pantry-tree:
      size: 523
      sha256: 085c6620bff7671bef1d969652a349271c3703fbf10dd753cb63ee1cd700bca5
  original:
    hackage: servant-websockets-2.0.0@sha256:6e9e3600bced90fd52ed3d1bf632205cb21479075b20d6637153cc4567000234,2253
- completed:
    hackage: AesonBson-0.4.0@sha256:fb368ec6f750d582c0630b2eb0d562d7eecab87da4a099593746298b27184a95,1333
    pantry-tree:
      size: 378
      sha256: c77494ff9ecf48cf4675e4973f8cbcf946e5a4badb023c50ea5a7c788aced7b4
  original:
    hackage: AesonBson-0.4.0@sha256:fb368ec6f750d582c0630b2eb0d562d7eecab87da4a099593746298b27184a95,1333
snapshots:
- completed:
    size: 563100
    url: https://raw.githubusercontent.com/commercialhaskell/stackage-snapshots/master/lts/17/0.yaml
    sha256: e93a85871577ea3423d5f3454b2b6bd37c2c2123c79faf511dfb64f5b49a9f8b
  original: lts-17.0
